// !$*UTF8*$!
{
	archiveVersion = 1;
	classes = {
	};
	objectVersion = 46;
	objects = {

/* Begin PBXBuildFile section */
		C91613431AF96A980024BF6A /* main.m in Sources */ = {isa = PBXBuildFile; fileRef = C91613421AF96A980024BF6A /* main.m */; };
		C91613461AF96A980024BF6A /* AppDelegate.m in Sources */ = {isa = PBXBuildFile; fileRef = C91613451AF96A980024BF6A /* AppDelegate.m */; };
		C91613491AF96A980024BF6A /* UIInterface1_0.xcdatamodeld in Sources */ = {isa = PBXBuildFile; fileRef = C91613471AF96A980024BF6A /* UIInterface1_0.xcdatamodeld */; };
		C916134C1AF96A980024BF6A /* ViewController.m in Sources */ = {isa = PBXBuildFile; fileRef = C916134B1AF96A980024BF6A /* ViewController.m */; };
		C916134F1AF96A980024BF6A /* Main.storyboard in Resources */ = {isa = PBXBuildFile; fileRef = C916134D1AF96A980024BF6A /* Main.storyboard */; };
		C91613511AF96A980024BF6A /* Images.xcassets in Resources */ = {isa = PBXBuildFile; fileRef = C91613501AF96A980024BF6A /* Images.xcassets */; };
		C91613541AF96A980024BF6A /* LaunchScreen.xib in Resources */ = {isa = PBXBuildFile; fileRef = C91613521AF96A980024BF6A /* LaunchScreen.xib */; };
		C91613601AF96A980024BF6A /* UIInterface1_0Tests.m in Sources */ = {isa = PBXBuildFile; fileRef = C916135F1AF96A980024BF6A /* UIInterface1_0Tests.m */; };
		C916136C1AF96F350024BF6A /* Home-50 (1).png in Resources */ = {isa = PBXBuildFile; fileRef = C916136B1AF96F350024BF6A /* Home-50 (1).png */; };
		C916136E1AF96FB20024BF6A /* Unlock-50.png in Resources */ = {isa = PBXBuildFile; fileRef = C916136D1AF96FB20024BF6A /* Unlock-50.png */; };
		C91613701AF9703E0024BF6A /* Info-50.png in Resources */ = {isa = PBXBuildFile; fileRef = C916136F1AF9703E0024BF6A /* Info-50.png */; };
		C91613721AF970A70024BF6A /* Front Desk-50.png in Resources */ = {isa = PBXBuildFile; fileRef = C91613711AF970A70024BF6A /* Front Desk-50.png */; };
		C91613741AF972920024BF6A /* Menu-50.png in Resources */ = {isa = PBXBuildFile; fileRef = C91613731AF972920024BF6A /* Menu-50.png */; };
		C91613761AFA5BB00024BF6A /* Front Desk-50 (2).png in Resources */ = {isa = PBXBuildFile; fileRef = C91613751AFA5BB00024BF6A /* Front Desk-50 (2).png */; };
		C91613781AFA5BE30024BF6A /* Home-50 (2).png in Resources */ = {isa = PBXBuildFile; fileRef = C91613771AFA5BE30024BF6A /* Home-50 (2).png */; };
		C916137A1AFA5C080024BF6A /* Info-50 (1).png in Resources */ = {isa = PBXBuildFile; fileRef = C91613791AFA5C080024BF6A /* Info-50 (1).png */; };
		C916137C1AFA5C350024BF6A /* Unlock-50 (1).png in Resources */ = {isa = PBXBuildFile; fileRef = C916137B1AFA5C350024BF6A /* Unlock-50 (1).png */; };
/* End PBXBuildFile section */

/* Begin PBXContainerItemProxy section */
		C916135A1AF96A980024BF6A /* PBXContainerItemProxy */ = {
			isa = PBXContainerItemProxy;
			containerPortal = C91613351AF96A980024BF6A /* Project object */;
			proxyType = 1;
			remoteGlobalIDString = C916133C1AF96A980024BF6A;
			remoteInfo = "UIInterface1-0";
		};
/* End PBXContainerItemProxy section */

/* Begin PBXFileReference section */
		C916133D1AF96A980024BF6A /* UIInterface1-0.app */ = {isa = PBXFileReference; explicitFileType = wrapper.application; includeInIndex = 0; path = "UIInterface1-0.app"; sourceTree = BUILT_PRODUCTS_DIR; };
		C91613411AF96A980024BF6A /* Info.plist */ = {isa = PBXFileReference; lastKnownFileType = text.plist.xml; path = Info.plist; sourceTree = "<group>"; };
		C91613421AF96A980024BF6A /* main.m */ = {isa = PBXFileReference; lastKnownFileType = sourcecode.c.objc; path = main.m; sourceTree = "<group>"; };
		C91613441AF96A980024BF6A /* AppDelegate.h */ = {isa = PBXFileReference; lastKnownFileType = sourcecode.c.h; path = AppDelegate.h; sourceTree = "<group>"; };
		C91613451AF96A980024BF6A /* AppDelegate.m */ = {isa = PBXFileReference; lastKnownFileType = sourcecode.c.objc; path = AppDelegate.m; sourceTree = "<group>"; };
		C91613481AF96A980024BF6A /* UIInterface1_0.xcdatamodel */ = {isa = PBXFileReference; lastKnownFileType = wrapper.xcdatamodel; path = UIInterface1_0.xcdatamodel; sourceTree = "<group>"; };
		C916134A1AF96A980024BF6A /* ViewController.h */ = {isa = PBXFileReference; lastKnownFileType = sourcecode.c.h; path = ViewController.h; sourceTree = "<group>"; };
		C916134B1AF96A980024BF6A /* ViewController.m */ = {isa = PBXFileReference; lastKnownFileType = sourcecode.c.objc; path = ViewController.m; sourceTree = "<group>"; };
		C916134E1AF96A980024BF6A /* Base */ = {isa = PBXFileReference; lastKnownFileType = file.storyboard; name = Base; path = Base.lproj/Main.storyboard; sourceTree = "<group>"; };
		C91613501AF96A980024BF6A /* Images.xcassets */ = {isa = PBXFileReference; lastKnownFileType = folder.assetcatalog; path = Images.xcassets; sourceTree = "<group>"; };
		C91613531AF96A980024BF6A /* Base */ = {isa = PBXFileReference; lastKnownFileType = file.xib; name = Base; path = Base.lproj/LaunchScreen.xib; sourceTree = "<group>"; };
		C91613591AF96A980024BF6A /* UIInterface1-0Tests.xctest */ = {isa = PBXFileReference; explicitFileType = wrapper.cfbundle; includeInIndex = 0; path = "UIInterface1-0Tests.xctest"; sourceTree = BUILT_PRODUCTS_DIR; };
		C916135E1AF96A980024BF6A /* Info.plist */ = {isa = PBXFileReference; lastKnownFileType = text.plist.xml; path = Info.plist; sourceTree = "<group>"; };
		C916135F1AF96A980024BF6A /* UIInterface1_0Tests.m */ = {isa = PBXFileReference; lastKnownFileType = sourcecode.c.objc; path = UIInterface1_0Tests.m; sourceTree = "<group>"; };
		C916136B1AF96F350024BF6A /* Home-50 (1).png */ = {isa = PBXFileReference; lastKnownFileType = image.png; path = "Home-50 (1).png"; sourceTree = "<group>"; };
		C916136D1AF96FB20024BF6A /* Unlock-50.png */ = {isa = PBXFileReference; lastKnownFileType = image.png; path = "Unlock-50.png"; sourceTree = "<group>"; };
		C916136F1AF9703E0024BF6A /* Info-50.png */ = {isa = PBXFileReference; lastKnownFileType = image.png; path = "Info-50.png"; sourceTree = "<group>"; };
		C91613711AF970A70024BF6A /* Front Desk-50.png */ = {isa = PBXFileReference; lastKnownFileType = image.png; path = "Front Desk-50.png"; sourceTree = "<group>"; };
		C91613731AF972920024BF6A /* Menu-50.png */ = {isa = PBXFileReference; lastKnownFileType = image.png; path = "Menu-50.png"; sourceTree = "<group>"; };
		C91613751AFA5BB00024BF6A /* Front Desk-50 (2).png */ = {isa = PBXFileReference; lastKnownFileType = image.png; path = "Front Desk-50 (2).png"; sourceTree = "<group>"; };
		C91613771AFA5BE30024BF6A /* Home-50 (2).png */ = {isa = PBXFileReference; lastKnownFileType = image.png; path = "Home-50 (2).png"; sourceTree = "<group>"; };
		C91613791AFA5C080024BF6A /* Info-50 (1).png */ = {isa = PBXFileReference; lastKnownFileType = image.png; path = "Info-50 (1).png"; sourceTree = "<group>"; };
		C916137B1AFA5C350024BF6A /* Unlock-50 (1).png */ = {isa = PBXFileReference; lastKnownFileType = image.png; path = "Unlock-50 (1).png"; sourceTree = "<group>"; };
/* End PBXFileReference section */

/* Begin PBXFrameworksBuildPhase section */
		C916133A1AF96A980024BF6A /* Frameworks */ = {
			isa = PBXFrameworksBuildPhase;
			buildActionMask = 2147483647;
			files = (
			);
			runOnlyForDeploymentPostprocessing = 0;
		};
		C91613561AF96A980024BF6A /* Frameworks */ = {
			isa = PBXFrameworksBuildPhase;
			buildActionMask = 2147483647;
			files = (
			);
			runOnlyForDeploymentPostprocessing = 0;
		};
/* End PBXFrameworksBuildPhase section */

/* Begin PBXGroup section */
		C91613341AF96A980024BF6A = {
			isa = PBXGroup;
			children = (
				C916133F1AF96A980024BF6A /* UIInterface1-0 */,
				C916135C1AF96A980024BF6A /* UIInterface1-0Tests */,
				C916133E1AF96A980024BF6A /* Products */,
			);
			sourceTree = "<group>";
		};
		C916133E1AF96A980024BF6A /* Products */ = {
			isa = PBXGroup;
			children = (
				C916133D1AF96A980024BF6A /* UIInterface1-0.app */,
				C91613591AF96A980024BF6A /* UIInterface1-0Tests.xctest */,
			);
			name = Products;
			sourceTree = "<group>";
		};
		C916133F1AF96A980024BF6A /* UIInterface1-0 */ = {
			isa = PBXGroup;
			children = (
				C91613441AF96A980024BF6A /* AppDelegate.h */,
				C91613451AF96A980024BF6A /* AppDelegate.m */,
				C916134A1AF96A980024BF6A /* ViewController.h */,
				C916134B1AF96A980024BF6A /* ViewController.m */,
				C916134D1AF96A980024BF6A /* Main.storyboard */,
				C91613501AF96A980024BF6A /* Images.xcassets */,
				C91613521AF96A980024BF6A /* LaunchScreen.xib */,
				C91613471AF96A980024BF6A /* UIInterface1_0.xcdatamodeld */,
				C91613401AF96A980024BF6A /* Supporting Files */,
			);
			path = "UIInterface1-0";
			sourceTree = "<group>";
		};
		C91613401AF96A980024BF6A /* Supporting Files */ = {
			isa = PBXGroup;
			children = (
				C91613411AF96A980024BF6A /* Info.plist */,
				C91613421AF96A980024BF6A /* main.m */,
				C916136B1AF96F350024BF6A /* Home-50 (1).png */,
				C916136D1AF96FB20024BF6A /* Unlock-50.png */,
				C916136F1AF9703E0024BF6A /* Info-50.png */,
				C91613711AF970A70024BF6A /* Front Desk-50.png */,
				C91613731AF972920024BF6A /* Menu-50.png */,
				C91613751AFA5BB00024BF6A /* Front Desk-50 (2).png */,
				C91613771AFA5BE30024BF6A /* Home-50 (2).png */,
				C91613791AFA5C080024BF6A /* Info-50 (1).png */,
				C916137B1AFA5C350024BF6A /* Unlock-50 (1).png */,
			);
			name = "Supporting Files";
			sourceTree = "<group>";
		};
		C916135C1AF96A980024BF6A /* UIInterface1-0Tests */ = {
			isa = PBXGroup;
			children = (
				C916135F1AF96A980024BF6A /* UIInterface1_0Tests.m */,
				C916135D1AF96A980024BF6A /* Supporting Files */,
			);
			path = "UIInterface1-0Tests";
			sourceTree = "<group>";
		};
		C916135D1AF96A980024BF6A /* Supporting Files */ = {
			isa = PBXGroup;
			children = (
				C916135E1AF96A980024BF6A /* Info.plist */,
			);
			name = "Supporting Files";
			sourceTree = "<group>";
		};
/* End PBXGroup section */

/* Begin PBXNativeTarget section */
		C916133C1AF96A980024BF6A /* UIInterface1-0 */ = {
			isa = PBXNativeTarget;
			buildConfigurationList = C91613631AF96A980024BF6A /* Build configuration list for PBXNativeTarget "UIInterface1-0" */;
			buildPhases = (
				C91613391AF96A980024BF6A /* Sources */,
				C916133A1AF96A980024BF6A /* Frameworks */,
				C916133B1AF96A980024BF6A /* Resources */,
			);
			buildRules = (
			);
			dependencies = (
			);
			name = "UIInterface1-0";
			productName = "UIInterface1-0";
			productReference = C916133D1AF96A980024BF6A /* UIInterface1-0.app */;
			productType = "com.apple.product-type.application";
		};
		C91613581AF96A980024BF6A /* UIInterface1-0Tests */ = {
			isa = PBXNativeTarget;
			buildConfigurationList = C91613661AF96A980024BF6A /* Build configuration list for PBXNativeTarget "UIInterface1-0Tests" */;
			buildPhases = (
				C91613551AF96A980024BF6A /* Sources */,
				C91613561AF96A980024BF6A /* Frameworks */,
				C91613571AF96A980024BF6A /* Resources */,
			);
			buildRules = (
			);
			dependencies = (
				C916135B1AF96A980024BF6A /* PBXTargetDependency */,
			);
			name = "UIInterface1-0Tests";
			productName = "UIInterface1-0Tests";
			productReference = C91613591AF96A980024BF6A /* UIInterface1-0Tests.xctest */;
			productType = "com.apple.product-type.bundle.unit-test";
		};
/* End PBXNativeTarget section */

/* Begin PBXProject section */
		C91613351AF96A980024BF6A /* Project object */ = {
			isa = PBXProject;
			attributes = {
				LastUpgradeCheck = 0630;
				ORGANIZATIONNAME = "Ben Russell";
				TargetAttributes = {
					C916133C1AF96A980024BF6A = {
						CreatedOnToolsVersion = 6.3.1;
					};
					C91613581AF96A980024BF6A = {
						CreatedOnToolsVersion = 6.3.1;
						TestTargetID = C916133C1AF96A980024BF6A;
					};
				};
			};
			buildConfigurationList = C91613381AF96A980024BF6A /* Build configuration list for PBXProject "UIInterface1-0" */;
			compatibilityVersion = "Xcode 3.2";
			developmentRegion = English;
			hasScannedForEncodings = 0;
			knownRegions = (
				en,
				Base,
			);
			mainGroup = C91613341AF96A980024BF6A;
			productRefGroup = C916133E1AF96A980024BF6A /* Products */;
			projectDirPath = "";
			projectRoot = "";
			targets = (
				C916133C1AF96A980024BF6A /* UIInterface1-0 */,
				C91613581AF96A980024BF6A /* UIInterface1-0Tests */,
			);
		};
/* End PBXProject section */

/* Begin PBXResourcesBuildPhase section */
		C916133B1AF96A980024BF6A /* Resources */ = {
			isa = PBXResourcesBuildPhase;
			buildActionMask = 2147483647;
			files = (
				C916137C1AFA5C350024BF6A /* Unlock-50 (1).png in Resources */,
				C91613701AF9703E0024BF6A /* Info-50.png in Resources */,
				C91613721AF970A70024BF6A /* Front Desk-50.png in Resources */,
				C91613761AFA5BB00024BF6A /* Front Desk-50 (2).png in Resources */,
				C916136E1AF96FB20024BF6A /* Unlock-50.png in Resources */,
				C91613781AFA5BE30024BF6A /* Home-50 (2).png in Resources */,
				C916134F1AF96A980024BF6A /* Main.storyboard in Resources */,
				C91613541AF96A980024BF6A /* LaunchScreen.xib in Resources */,
				C916137A1AFA5C080024BF6A /* Info-50 (1).png in Resources */,
				C91613741AF972920024BF6A /* Menu-50.png in Resources */,
				C91613511AF96A980024BF6A /* Images.xcassets in Resources */,
				C916136C1AF96F350024BF6A /* Home-50 (1).png in Resources */,
			);
			runOnlyForDeploymentPostprocessing = 0;
		};
		C91613571AF96A980024BF6A /* Resources */ = {
			isa = PBXResourcesBuildPhase;
			buildActionMask = 2147483647;
			files = (
			);
			runOnlyForDeploymentPostprocessing = 0;
		};
/* End PBXResourcesBuildPhase section */

/* Begin PBXSourcesBuildPhase section */
		C91613391AF96A980024BF6A /* Sources */ = {
			isa = PBXSourcesBuildPhase;
			buildActionMask = 2147483647;
			files = (
				C91613491AF96A980024BF6A /* UIInterface1_0.xcdatamodeld in Sources */,
				C91613461AF96A980024BF6A /* AppDelegate.m in Sources */,
				C916134C1AF96A980024BF6A /* ViewController.m in Sources */,
				C91613431AF96A980024BF6A /* main.m in Sources */,
			);
			runOnlyForDeploymentPostprocessing = 0;
		};
		C91613551AF96A980024BF6A /* Sources */ = {
			isa = PBXSourcesBuildPhase;
			buildActionMask = 2147483647;
			files = (
				C91613601AF96A980024BF6A /* UIInterface1_0Tests.m in Sources */,
			);
			runOnlyForDeploymentPostprocessing = 0;
		};
/* End PBXSourcesBuildPhase section */

/* Begin PBXTargetDependency section */
		C916135B1AF96A980024BF6A /* PBXTargetDependency */ = {
			isa = PBXTargetDependency;
			target = C916133C1AF96A980024BF6A /* UIInterface1-0 */;
			targetProxy = C916135A1AF96A980024BF6A /* PBXContainerItemProxy */;
		};
/* End PBXTargetDependency section */

/* Begin PBXVariantGroup section */
		C916134D1AF96A980024BF6A /* Main.storyboard */ = {
			isa = PBXVariantGroup;
			children = (
				C916134E1AF96A980024BF6A /* Base */,
			);
			name = Main.storyboard;
			sourceTree = "<group>";
		};
		C91613521AF96A980024BF6A /* LaunchScreen.xib */ = {
			isa = PBXVariantGroup;
			children = (
				C91613531AF96A980024BF6A /* Base */,
			);
			name = LaunchScreen.xib;
			sourceTree = "<group>";
		};
/* End PBXVariantGroup section */

/* Begin XCBuildConfiguration section */
		C91613611AF96A980024BF6A /* Debug */ = {
			isa = XCBuildConfiguration;
			buildSettings = {
				ALWAYS_SEARCH_USER_PATHS = NO;
				CLANG_CXX_LANGUAGE_STANDARD = "gnu++0x";
				CLANG_CXX_LIBRARY = "libc++";
				CLANG_ENABLE_MODULES = YES;
				CLANG_ENABLE_OBJC_ARC = YES;
				CLANG_WARN_BOOL_CONVERSION = YES;
				CLANG_WARN_CONSTANT_CONVERSION = YES;
				CLANG_WARN_DIRECT_OBJC_ISA_USAGE = YES_ERROR;
				CLANG_WARN_EMPTY_BODY = YES;
				CLANG_WARN_ENUM_CONVERSION = YES;
				CLANG_WARN_INT_CONVERSION = YES;
				CLANG_WARN_OBJC_ROOT_CLASS = YES_ERROR;
				CLANG_WARN_UNREACHABLE_CODE = YES;
				CLANG_WARN__DUPLICATE_METHOD_MATCH = YES;
				"CODE_SIGN_IDENTITY[sdk=iphoneos*]" = "iPhone Developer";
				COPY_PHASE_STRIP = NO;
				DEBUG_INFORMATION_FORMAT = "dwarf-with-dsym";
				ENABLE_STRICT_OBJC_MSGSEND = YES;
				GCC_C_LANGUAGE_STANDARD = gnu99;
				GCC_DYNAMIC_NO_PIC = NO;
				GCC_NO_COMMON_BLOCKS = YES;
				GCC_OPTIMIZATION_LEVEL = 0;
				GCC_PREPROCESSOR_DEFINITIONS = (
					"DEBUG=1",
					"$(inherited)",
				);
				GCC_SYMBOLS_PRIVATE_EXTERN = NO;
				GCC_WARN_64_TO_32_BIT_CONVERSION = YES;
				GCC_WARN_ABOUT_RETURN_TYPE = YES_ERROR;
				GCC_WARN_UNDECLARED_SELECTOR = YES;
				GCC_WARN_UNINITIALIZED_AUTOS = YES_AGGRESSIVE;
				GCC_WARN_UNUSED_FUNCTION = YES;
				GCC_WARN_UNUSED_VARIABLE = YES;
				IPHONEOS_DEPLOYMENT_TARGET = 8.3;
				MTL_ENABLE_DEBUG_INFO = YES;
				ONLY_ACTIVE_ARCH = YES;
				SDKROOT = iphoneos;
			};
			name = Debug;
		};
		C91613621AF96A980024BF6A /* Release */ = {
			isa = XCBuildConfiguration;
			buildSettings = {
				ALWAYS_SEARCH_USER_PATHS = NO;
				CLANG_CXX_LANGUAGE_STANDARD = "gnu++0x";
				CLANG_CXX_LIBRARY = "libc++";
				CLANG_ENABLE_MODULES = YES;
				CLANG_ENABLE_OBJC_ARC = YES;
				CLANG_WARN_BOOL_CONVERSION = YES;
				CLANG_WARN_CONSTANT_CONVERSION = YES;
				CLANG_WARN_DIRECT_OBJC_ISA_USAGE = YES_ERROR;
				CLANG_WARN_EMPTY_BODY = YES;
				CLANG_WARN_ENUM_CONVERSION = YES;
				CLANG_WARN_INT_CONVERSION = YES;
				CLANG_WARN_OBJC_ROOT_CLASS = YES_ERROR;
				CLANG_WARN_UNREACHABLE_CODE = YES;
				CLANG_WARN__DUPLICATE_METHOD_MATCH = YES;
				"CODE_SIGN_IDENTITY[sdk=iphoneos*]" = "iPhone Developer";
				COPY_PHASE_STRIP = NO;
				DEBUG_INFORMATION_FORMAT = "dwarf-with-dsym";
				ENABLE_NS_ASSERTIONS = NO;
				ENABLE_STRICT_OBJC_MSGSEND = YES;
				GCC_C_LANGUAGE_STANDARD = gnu99;
				GCC_NO_COMMON_BLOCKS = YES;
				GCC_WARN_64_TO_32_BIT_CONVERSION = YES;
				GCC_WARN_ABOUT_RETURN_TYPE = YES_ERROR;
				GCC_WARN_UNDECLARED_SELECTOR = YES;
				GCC_WARN_UNINITIALIZED_AUTOS = YES_AGGRESSIVE;
				GCC_WARN_UNUSED_FUNCTION = YES;
				GCC_WARN_UNUSED_VARIABLE = YES;
				IPHONEOS_DEPLOYMENT_TARGET = 8.3;
				MTL_ENABLE_DEBUG_INFO = NO;
				SDKROOT = iphoneos;
				VALIDATE_PRODUCT = YES;
			};
			name = Release;
		};
		C91613641AF96A980024BF6A /* Debug */ = {
			isa = XCBuildConfiguration;
			buildSettings = {
				ASSETCATALOG_COMPILER_APPICON_NAME = AppIcon;
				INFOPLIST_FILE = "UIInterface1-0/Info.plist";
				IPHONEOS_DEPLOYMENT_TARGET = 8.1;
				LD_RUNPATH_SEARCH_PATHS = "$(inherited) @executable_path/Frameworks";
				PRODUCT_NAME = "$(TARGET_NAME)";
			};
			name = Debug;
		};
		C91613651AF96A980024BF6A /* Release */ = {
			isa = XCBuildConfiguration;
			buildSettings = {
				ASSETCATALOG_COMPILER_APPICON_NAME = AppIcon;
				INFOPLIST_FILE = "UIInterface1-0/Info.plist";
				IPHONEOS_DEPLOYMENT_TARGET = 8.1;
				LD_RUNPATH_SEARCH_PATHS = "$(inherited) @executable_path/Frameworks";
				PRODUCT_NAME = "$(TARGET_NAME)";
			};
			name = Release;
		};
		C91613671AF96A980024BF6A /* Debug */ = {
			isa = XCBuildConfiguration;
			buildSettings = {
				BUNDLE_LOADER = "$(TEST_HOST)";
				FRAMEWORK_SEARCH_PATHS = (
					"$(SDKROOT)/Developer/Library/Frameworks",
					"$(inherited)",
				);
				GCC_PREPROCESSOR_DEFINITIONS = (
					"DEBUG=1",
					"$(inherited)",
				);
				INFOPLIST_FILE = "UIInterface1-0Tests/Info.plist";
				LD_RUNPATH_SEARCH_PATHS = "$(inherited) @executable_path/Frameworks @loader_path/Frameworks";
				PRODUCT_NAME = "$(TARGET_NAME)";
				TEST_HOST = "$(BUILT_PRODUCTS_DIR)/UIInterface1-0.app/UIInterface1-0";
			};
			name = Debug;
		};
		C91613681AF96A980024BF6A /* Release */ = {
			isa = XCBuildConfiguration;
			buildSettings = {
				BUNDLE_LOADER = "$(TEST_HOST)";
				FRAMEWORK_SEARCH_PATHS = (
					"$(SDKROOT)/Developer/Library/Frameworks",
					"$(inherited)",
				);
				INFOPLIST_FILE = "UIInterface1-0Tests/Info.plist";
				LD_RUNPATH_SEARCH_PATHS = "$(inherited) @executable_path/Frameworks @loader_path/Frameworks";
				PRODUCT_NAME = "$(TARGET_NAME)";
				TEST_HOST = "$(BUILT_PRODUCTS_DIR)/UIInterface1-0.app/UIInterface1-0";
			};
			name = Release;
		};
/* End XCBuildConfiguration section */

/* Begin XCConfigurationList section */
		C91613381AF96A980024BF6A /* Build configuration list for PBXProject "UIInterface1-0" */ = {
			isa = XCConfigurationList;
			buildConfigurations = (
				C91613611AF96A980024BF6A /* Debug */,
				C91613621AF96A980024BF6A /* Release */,
			);
			defaultConfigurationIsVisible = 0;
			defaultConfigurationName = Release;
		};
		C91613631AF96A980024BF6A /* Build configuration list for PBXNativeTarget "UIInterface1-0" */ = {
			isa = XCConfigurationList;
			buildConfigurations = (
				C91613641AF96A980024BF6A /* Debug */,
				C91613651AF96A980024BF6A /* Release */,
			);
			defaultConfigurationIsVisible = 0;
		};
		C91613661AF96A980024BF6A /* Build configuration list for PBXNativeTarget "UIInterface1-0Tests" */ = {
			isa = XCConfigurationList;
			buildConfigurations = (
				C91613671AF96A980024BF6A /* Debug */,
				C91613681AF96A980024BF6A /* Release */,
			);
			defaultConfigurationIsVisible = 0;
		};
/* End XCConfigurationList section */

/* Begin XCVersionGroup section */
		C91613471AF96A980024BF6A /* UIInterface1_0.xcdatamodeld */ = {
			isa = XCVersionGroup;
			children = (
				C91613481AF96A980024BF6A /* UIInterface1_0.xcdatamodel */,
			);
			currentVersion = C91613481AF96A980024BF6A /* UIInterface1_0.xcdatamodel */;
			path = UIInterface1_0.xcdatamodeld;
			sourceTree = "<group>";
			versionGroupType = wrapper.xcdatamodel;
		};
/* End XCVersionGroup section */
	};
	rootObject = C91613351AF96A980024BF6A /* Project object */;
}
